{
  "name": "axviii3.github.io",
  "lockfileVersion": 2,
  "requires": true,
  "packages": {
    "": {
      "dependencies": {
        "lodash": "^4.17.21",
        "typed.js": "^2.0.15"
      },
      "devDependencies": {
        "@types/jquery": "^3.5.16"
      }
    },
    "node_modules/@types/jquery": {
      "version": "3.5.16",
      "resolved": "https://registry.npmjs.org/@types/jquery/-/jquery-3.5.16.tgz",
      "integrity": "sha512-bsI7y4ZgeMkmpG9OM710RRzDFp+w4P1RGiIt30C1mSBT+ExCleeh4HObwgArnDFELmRrOpXgSYN9VF1hj+f1lw==",
      "dev": true,
      "dependencies": {
        "@types/sizzle": "*"
      }
    },
    "node_modules/@types/sizzle": {
      "version": "2.3.3",
      "resolved": "https://registry.npmjs.org/@types/sizzle/-/sizzle-2.3.3.tgz",
      "integrity": "sha512-JYM8x9EGF163bEyhdJBpR2QX1R5naCJHC8ucJylJ3w9/CVBaskdQ8WqBf8MmQrd1kRvp/a4TS8HJ+bxzR7ZJYQ==",
      "dev": true
    },
    "node_modules/lodash": {
      "version": "4.17.21",
      "resolved": "https://registry.npmjs.org/lodash/-/lodash-4.17.21.tgz",
      "integrity": "sha512-v2kDEe57lecTulaDIuNTPy3Ry4gLGJ6Z1O3vE1krgXZNrsQ+LFTGHVxVjcXPs17LhbZVGedAJv8XZ1tvj5FvSg=="
    },
    "node_modules/typed.js": {
      "version": "2.0.15",
      "resolved": "https://registry.npmjs.org/typed.js/-/typed.js-2.0.15.tgz",
      "integrity": "sha512-kQNtvm6+dEcUc5sdskEgV17rsdvimQNsDRHnp8PasBY85dYqVoo4TCanakSkfherMN+lZEko5ccMMKJpuR42Fw=="
    }
  },
  "dependencies": {
    "@types/jquery": {
      "version": "3.5.16",
      "resolved": "https://registry.npmjs.org/@types/jquery/-/jquery-3.5.16.tgz",
      "integrity": "sha512-bsI7y4ZgeMkmpG9OM710RRzDFp+w4P1RGiIt30C1mSBT+ExCleeh4HObwgArnDFELmRrOpXgSYN9VF1hj+f1lw==",
      "dev": true,
      "requires": {
        "@types/sizzle": "*"
      }
    },
    "@types/sizzle": {
      "version": "2.3.3",
      "resolved": "https://registry.npmjs.org/@types/sizzle/-/sizzle-2.3.3.tgz",
      "integrity": "sha512-JYM8x9EGF163bEyhdJBpR2QX1R5naCJHC8ucJylJ3w9/CVBaskdQ8WqBf8MmQrd1kRvp/a4TS8HJ+bxzR7ZJYQ==",
      "dev": true
    },
    "lodash": {
      "version": "4.17.21",
      "resolved": "https://registry.npmjs.org/lodash/-/lodash-4.17.21.tgz",
      "integrity": "sha512-v2kDEe57lecTulaDIuNTPy3Ry4gLGJ6Z1O3vE1krgXZNrsQ+LFTGHVxVjcXPs17LhbZVGedAJv8XZ1tvj5FvSg=="
    },
    "typed.js": {
      "version": "2.0.15",
      "resolved": "https://registry.npmjs.org/typed.js/-/typed.js-2.0.15.tgz",
      "integrity": "sha512-kQNtvm6+dEcUc5sdskEgV17rsdvimQNsDRHnp8PasBY85dYqVoo4TCanakSkfherMN+lZEko5ccMMKJpuR42Fw=="
    }
  }
}
